{
  "name": "@twomie/ryu-id",
  "version": "1.0.0",
  "lockfileVersion": 3,
  "requires": true,
  "packages": {
    "": {
      "name": "@twomie/ryu-id",
      "version": "1.0.0",
      "license": "ISC",
      "dependencies": {
        "ryu-id": "^1.0.0"
      },
      "devDependencies": {}
    },
    "node_modules/ryu-id": {
      "version": "1.0.0",
      "resolved": "https://registry.npmjs.org/ryu-id/-/ryu-id-1.0.0.tgz",
      "integrity": "sha512-9+2NvKA1mmTWS5ywxFAGXxO23DlmMLWn3p3v08uDcgMc4/MIYx58Z+NuvlzLsZlnQ5Qej6gVLCOMWB6Xyv+iVw=="
    }
  }
}
